
Microsoft Visual Studio Solution File, Format Version 11.00
# Visual Studio 2010
Project("{FAE04EC0-301F-11D3-BF4B-00C04F79EFBC}") = "Network Shooting game", "Assembly-CSharp.csproj", "{EF071A71-05E7-D5D7-384F-AB4B6334C1B7}"
EndProject
Global
	GlobalSection(SolutionConfigurationPlatforms) = preSolution
		Debug|Any CPU = Debug|Any CPU
		Release|Any CPU = Release|Any CPU
	EndGlobalSection
	GlobalSection(ProjectConfigurationPlatforms) = postSolution
		{EF071A71-05E7-D5D7-384F-AB4B6334C1B7}.Debug|Any CPU.ActiveCfg = Debug|Any CPU
		{EF071A71-05E7-D5D7-384F-AB4B6334C1B7}.Debug|Any CPU.Build.0 = Debug|Any CPU
		{EF071A71-05E7-D5D7-384F-AB4B6334C1B7}.Release|Any CPU.ActiveCfg = Release|Any CPU
		{EF071A71-05E7-D5D7-384F-AB4B6334C1B7}.Release|Any CPU.Build.0 = Release|Any CPU
	EndGlobalSection
	GlobalSection(SolutionProperties) = preSolution
		HideSolutionNode = FALSE
	EndGlobalSection
	GlobalSection(MonoDevelopProperties) = preSolution
		StartupItem = Assembly-CSharp.csproj
	EndGlobalSection
EndGlobal
